
Microsoft Visual Studio Solution File, Format Version 12.00
# Visual Studio Version 17
VisualStudioVersion = 17.0.31903.59
MinimumVisualStudioVersion = 10.0.40219.1
Project("{FAE04EC0-301F-11D3-BF4B-00C04F79EFBC}") = "UnityLauncher", "UnityLauncher\UnityLauncher.csproj", "{696F005F-6F0D-42C2-8311-21A7DEC97955}"
EndProject
Project("{FAE04EC0-301F-11D3-BF4B-00C04F79EFBC}") = "UnityLauncher.Tests", "UnityLauncher.Tests\UnityLauncher.Tests.csproj", "{A3A22E5B-E242-4B0B-B8AA-6595526E1806}"
EndProject
Global
	GlobalSection(SolutionConfigurationPlatforms) = preSolution
		Debug|Any CPU = Debug|Any CPU
		Debug|x64 = Debug|x64
		Debug|x86 = Debug|x86
		Release|Any CPU = Release|Any CPU
		Release|x64 = Release|x64
		Release|x86 = Release|x86
	EndGlobalSection
	GlobalSection(ProjectConfigurationPlatforms) = postSolution
		{696F005F-6F0D-42C2-8311-21A7DEC97955}.Debug|Any CPU.ActiveCfg = Debug|Any CPU
		{696F005F-6F0D-42C2-8311-21A7DEC97955}.Debug|Any CPU.Build.0 = Debug|Any CPU
		{696F005F-6F0D-42C2-8311-21A7DEC97955}.Debug|x64.ActiveCfg = Debug|Any CPU
		{696F005F-6F0D-42C2-8311-21A7DEC97955}.Debug|x64.Build.0 = Debug|Any CPU
		{696F005F-6F0D-42C2-8311-21A7DEC97955}.Debug|x86.ActiveCfg = Debug|Any CPU
		{696F005F-6F0D-42C2-8311-21A7DEC97955}.Debug|x86.Build.0 = Debug|Any CPU
		{696F005F-6F0D-42C2-8311-21A7DEC97955}.Release|Any CPU.ActiveCfg = Release|Any CPU
		{696F005F-6F0D-42C2-8311-21A7DEC97955}.Release|Any CPU.Build.0 = Release|Any CPU
		{696F005F-6F0D-42C2-8311-21A7DEC97955}.Release|x64.ActiveCfg = Release|Any CPU
		{696F005F-6F0D-42C2-8311-21A7DEC97955}.Release|x64.Build.0 = Release|Any CPU
		{696F005F-6F0D-42C2-8311-21A7DEC97955}.Release|x86.ActiveCfg = Release|Any CPU
		{696F005F-6F0D-42C2-8311-21A7DEC97955}.Release|x86.Build.0 = Release|Any CPU
		{A3A22E5B-E242-4B0B-B8AA-6595526E1806}.Debug|Any CPU.ActiveCfg = Debug|Any CPU
		{A3A22E5B-E242-4B0B-B8AA-6595526E1806}.Debug|Any CPU.Build.0 = Debug|Any CPU
		{A3A22E5B-E242-4B0B-B8AA-6595526E1806}.Debug|x64.ActiveCfg = Debug|Any CPU
		{A3A22E5B-E242-4B0B-B8AA-6595526E1806}.Debug|x64.Build.0 = Debug|Any CPU
		{A3A22E5B-E242-4B0B-B8AA-6595526E1806}.Debug|x86.ActiveCfg = Debug|Any CPU
		{A3A22E5B-E242-4B0B-B8AA-6595526E1806}.Debug|x86.Build.0 = Debug|Any CPU
		{A3A22E5B-E242-4B0B-B8AA-6595526E1806}.Release|Any CPU.ActiveCfg = Release|Any CPU
		{A3A22E5B-E242-4B0B-B8AA-6595526E1806}.Release|Any CPU.Build.0 = Release|Any CPU
		{A3A22E5B-E242-4B0B-B8AA-6595526E1806}.Release|x64.ActiveCfg = Release|Any CPU
		{A3A22E5B-E242-4B0B-B8AA-6595526E1806}.Release|x64.Build.0 = Release|Any CPU
		{A3A22E5B-E242-4B0B-B8AA-6595526E1806}.Release|x86.ActiveCfg = Release|Any CPU
		{A3A22E5B-E242-4B0B-B8AA-6595526E1806}.Release|x86.Build.0 = Release|Any CPU
	EndGlobalSection
	GlobalSection(SolutionProperties) = preSolution
		HideSolutionNode = FALSE
	EndGlobalSection
EndGlobal
